
Microsoft Visual Studio Solution File, Format Version 12.00
# Visual Studio Version 17
VisualStudioVersion = 17.1.32210.238
MinimumVisualStudioVersion = 10.0.40219.1
Project("{8BC9CEB8-8B4A-11D0-8D11-00A0C91BC942}") = "Shift", "Shift.vcxproj", "{70E51F15-9196-4135-9335-1E90EE06FA4A}"
EndProject
Global
	GlobalSection(SolutionConfigurationPlatforms) = preSolution
		Debug|x64 = Debug|x64
		Debug|x86 = Debug|x86
		Release|x64 = Release|x64
		Release|x86 = Release|x86
	EndGlobalSection
	GlobalSection(ProjectConfigurationPlatforms) = postSolution
		{70E51F15-9196-4135-9335-1E90EE06FA4A}.Debug|x64.ActiveCfg = Debug|x64
		{70E51F15-9196-4135-9335-1E90EE06FA4A}.Debug|x64.Build.0 = Debug|x64
		{70E51F15-9196-4135-9335-1E90EE06FA4A}.Debug|x86.ActiveCfg = Debug|Win32
		{70E51F15-9196-4135-9335-1E90EE06FA4A}.Debug|x86.Build.0 = Debug|Win32
		{70E51F15-9196-4135-9335-1E90EE06FA4A}.Release|x64.ActiveCfg = Release|x64
		{70E51F15-9196-4135-9335-1E90EE06FA4A}.Release|x64.Build.0 = Release|x64
		{70E51F15-9196-4135-9335-1E90EE06FA4A}.Release|x86.ActiveCfg = Release|Win32
		{70E51F15-9196-4135-9335-1E90EE06FA4A}.Release|x86.Build.0 = Release|Win32
	EndGlobalSection
	GlobalSection(SolutionProperties) = preSolution
		HideSolutionNode = FALSE
	EndGlobalSection
	GlobalSection(ExtensibilityGlobals) = postSolution
		SolutionGuid = {4C30C52F-7112-4C83-B0FF-ABBEAB5E82EB}
	EndGlobalSection
EndGlobal
